
Microsoft Visual Studio Solution File, Format Version 12.00
# Visual Studio Version 16
VisualStudioVersion = 16.0.30611.23
MinimumVisualStudioVersion = 10.0.40219.1
Project("{FAE04EC0-301F-11D3-BF4B-00C04F79EFBC}") = "HZShop", "HZShop\HZShop.csproj", "{F5251834-9012-4CDB-89DA-1E0D65654F48}"
EndProject
Global
	GlobalSection(SolutionConfigurationPlatforms) = preSolution
		Debug|Any CPU = Debug|Any CPU
		Release|Any CPU = Release|Any CPU
	EndGlobalSection
	GlobalSection(ProjectConfigurationPlatforms) = postSolution
		{F5251834-9012-4CDB-89DA-1E0D65654F48}.Debug|Any CPU.ActiveCfg = Debug|Any CPU
		{F5251834-9012-4CDB-89DA-1E0D65654F48}.Debug|Any CPU.Build.0 = Debug|Any CPU
		{F5251834-9012-4CDB-89DA-1E0D65654F48}.Release|Any CPU.ActiveCfg = Release|Any CPU
		{F5251834-9012-4CDB-89DA-1E0D65654F48}.Release|Any CPU.Build.0 = Release|Any CPU
	EndGlobalSection
	GlobalSection(SolutionProperties) = preSolution
		HideSolutionNode = FALSE
	EndGlobalSection
	GlobalSection(ExtensibilityGlobals) = postSolution
		SolutionGuid = {DC4D0E86-61F7-4AA7-AD3D-582E264BE8E5}
	EndGlobalSection
EndGlobal
